hash: 1c2f95e0188217dc3daba650cd73421f3e9b03d6adb35d7cbab4937333a98233
updated: 2019-06-05T19:46:16.367592-07:00
imports:
- name: go.uber.org/atomic
  version: df976f2515e274675050de7b3f42545de80594fd
- name: go.uber.org/multierr
  version: 3c4937480c32f4c13a875a1829af76c98ca3d40a
testImports:
- name: github.com/apex/log
  version: d6c5facec1f2ae23a97782ab0ee18af58734346f
  subpackages:
  - handlers/json
- name: github.com/axw/gocov
  version: 3a69a0d2a4ef1f263e2d92b041a69593d6964fe8
  subpackages:
  - gocov
- name: github.com/davecgh/go-spew
  version: d8f796af33cc11cb798c1aaeb27a4ebc5099927d
  subpackages:
  - spew
- name: github.com/go-kit/kit
  version: e75cc1ab0282c013188f87a858f066ccd6cedbf1
  subpackages:
  - log
- name: github.com/go-logfmt/logfmt
  version: 07c9b44f60d7ffdfb7d8efe1ad539965737836dc
- name: github.com/go-stack/stack
  version: 2fee6af1a9795aafbe0253a0cfbdf668e1fb8a9a
- name: github.com/konsorten/go-windows-terminal-sequences
  version: f55edac94c9bbba5d6182a4be46d86a2c9b5b50e
- name: github.com/kr/logfmt
  version: b84e30acd515aadc4b783ad4ff83aff3299bdfe0
- name: github.com/mattn/go-colorable
  version: 8029fb3788e5a4a9c00e415f586a6d033f5d38b3
- name: github.com/mattn/go-isatty
  version: 1311e847b0cb909da63b5fecfb5370aa66236465
- name: github.com/mattn/goveralls
  version: 4d9899298d217719a8aea971675da567f0e3f96d
- name: github.com/pborman/uuid
  version: 8b1b92947f46224e3b97bb1a3a5b0382be00d31e
- name: github.com/pkg/errors
  version: 27936f6d90f9c8e1145f11ed52ffffbfdb9e0af7
- name: github.com/pmezard/go-difflib
  version: 5d4384ee4fb2527b0a1256a821ebfc92f91efefc
  subpackages:
  - difflib
- name: github.com/rs/zerolog
  version: 9938a23cba397691dbdc7a963304dbfedbe3a84c
  subpackages:
  - internal/cbor
  - internal/json
- name: github.com/satori/go.uuid
  version: b2ce2384e17bbe0c6d34077efa39dbab3e09123b
- name: github.com/sirupsen/logrus
  version: 2a22dbedbad1fd454910cd1f44f210ef90c28464
- name: github.com/stretchr/testify
  version: 34c6fa2dc70986bccbbffcc6130f6920a924b075
  subpackages:
  - assert
  - require
- name: golang.org/x/lint
  version: 959b441ac422379a43da2230f62be024250818b0
  subpackages:
  - golint
- name: golang.org/x/sys
  version: 4c4f7f33c9ed00de01c4c741d2177abfcfe19307
  subpackages:
  - unix
- name: golang.org/x/tools
  version: 2c3de6a5aea1814ceabe3c0b72be5223f0d8f600
  subpackages:
  - cover
- name: gopkg.in/inconshreveable/log15.v2
  version: 67afb5ed74ec82fd7ac8f49d27c509ac6f991970
