hash: 8aeb29a35adb31f8b46a792ae1b304c2c55f2d10bfe0ca1a4b8ac5330e22decc
updated: 2016-12-01T19:29:31.346246616-08:00
imports:
- name: github.com/cactus/go-statsd-client
  version: 95cb85a8d6b2d1ccfce95fa58d1ca3445779d8af
  subpackages:
  - statsd
- name: github.com/Sirupsen/logrus
  version: 08a8a7c27e3d058a8989316a850daad1c10bf4ab
- name: github.com/uber-common/bark
  version: d52ffa061726911f47fcd3d9e8b9b55f22794772
- name: github.com/uber-go/atomic
  version: 0c9e689d64f004564b79d9a663634756df322902
- name: golang.org/x/sys
  version: d4feaf1a7e61e1d9e79e6c4e76c6349e9cab0a03
  subpackages:
  - unix
testImports:
- name: github.com/apex/log
  version: 4ea85e918cc8389903d5f12d7ccac5c23ab7d89b
  subpackages:
  - handlers/json
- name: github.com/axw/gocov
  version: c77561ca0c0cb1ed5d4ce4a912a75f5532566422
  subpackages:
  - gocov
- name: github.com/davecgh/go-spew
  version: 5215b55f46b2b919f50a1df0eaa5886afe4e3b3d
  subpackages:
  - spew
- name: github.com/go-kit/kit
  version: c369f674159e02f22ca276d8503027af2bc27246
  subpackages:
  - log
- name: github.com/go-logfmt/logfmt
  version: 390ab7935ee28ec6b286364bba9b4dd6410cb3d5
- name: github.com/go-stack/stack
  version: 100eb0c0a9c5b306ca2fb4f165df21d80ada4b82
- name: github.com/golang/lint
  version: 206c0f020eba0f7fbcfbc467a5eb808037df2ed6
  subpackages:
  - golint
- name: github.com/kr/logfmt
  version: b84e30acd515aadc4b783ad4ff83aff3299bdfe0
- name: github.com/mattn/go-colorable
  version: d228849504861217f796da67fae4f6e347643f15
- name: github.com/mattn/go-isatty
  version: 30a891c33c7cde7b02a981314b4228ec99380cca
- name: github.com/mattn/goveralls
  version: a63d65fe590e2c830e60ad260cde6755ce3482a5
- name: github.com/pborman/uuid
  version: c55201b036063326c5b1b89ccfe45a184973d073
- name: github.com/pmezard/go-difflib
  version: d8ed2627bdf02c080bf22230dbb337003b7aba2d
  subpackages:
  - difflib
- name: github.com/stretchr/testify
  version: 6cb3b85ef5a0efef77caef88363ec4d4b5c0976d
  subpackages:
  - assert
  - require
- name: golang.org/x/tools
  version: e04df2157ae7263e17159baabadc99fb03fc7514
  subpackages:
  - cover
- name: gopkg.in/inconshreveable/log15.v2
  version: b105bd37f74e5d9dc7b6ad7806715c7a2b83fd3f
  subpackages:
  - stack
  - term
