github.com/google/go-cmdtest v0.4.1-0.20220921163831-55ab3332a786 h1:rcv+Ippz6RAtvaGgKxc+8FQIpxHgsF+HBzPyYL2cyVU=
github.com/google/go-cmp v0.5.8 h1:e6P7q2lk1O+qJJb4BtCQXlK8vWEO8V1ZeuEdJNOqZyg=
github.com/google/renameio v0.1.0 h1:GOZbcHa3HfsPKPlmyPyN2KEohoMXOhdMbHrvbpl2QaA=
golang.org/x/mod v0.10.0 h1:lFO9qtOdlre5W1jxS3r/4szv2/6iXxScdzjoBMXNhYk=
golang.org/x/mod v0.10.0/go.mod h1:iBbtSCu2XBx23ZKBPSOrRkjjQPZFPuis4dIYUhu/chs=
golang.org/x/sync v0.1.0 h1:wsuoTGHzEhffawBOhz5CYhcrV4IdKZbEyZjBMuTp12o=
golang.org/x/sync v0.1.0/go.mod h1:RxMgew5VJxzue5/jJTE5uejpjVlOe/izrB70Jof72aM=
golang.org/x/sys v0.7.0 h1:3jlCCIQZPdOYu1h8BkNvLz8Kgwtae2cagcG/VamtZRU=
golang.org/x/sys v0.7.0/go.mod h1:oPkhp1MJrh7nUepCBck5+mAzfO9JrbApNNgaTdGDITg=
golang.org/x/tools v0.8.1-0.20230421161920-b9619ee54b47 h1:fQlOhMJ24apqitZX8S4hbCbHU1Z9AvyWkN3BYI55Le4=
golang.org/x/tools v0.8.1-0.20230421161920-b9619ee54b47/go.mod h1:JxBZ99ISMI5ViVkT1tr6tdNmXeTrcpVSD3vZ1RsRdN4=
golang.org/x/vuln v1.0.0 h1:tYLAU3jD9LQr98Y+3el06lWyGMCnvzw06PIWP3LIy7g=
golang.org/x/vuln v1.0.0/go.mod h1:V0eyhHwaAaHrt42J9bgrN6rd12f6GU4T0Lu0ex2wDg4=
